
Microsoft Visual Studio Solution File, Format Version 12.00
Project("{FAE04EC0-301F-11D3-BF4B-00C04F79EFBC}") = "TaskManager", "TaskManager\TaskManager.csproj", "{065A08D0-7540-437E-81B6-4A9D827F959E}"
EndProject
Global
	GlobalSection(SolutionConfigurationPlatforms) = preSolution
		Debug|Any CPU = Debug|Any CPU
		Release|Any CPU = Release|Any CPU
	EndGlobalSection
	GlobalSection(ProjectConfigurationPlatforms) = postSolution
		{065A08D0-7540-437E-81B6-4A9D827F959E}.Debug|Any CPU.ActiveCfg = Debug|Any CPU
		{065A08D0-7540-437E-81B6-4A9D827F959E}.Debug|Any CPU.Build.0 = Debug|Any CPU
		{065A08D0-7540-437E-81B6-4A9D827F959E}.Release|Any CPU.ActiveCfg = Release|Any CPU
		{065A08D0-7540-437E-81B6-4A9D827F959E}.Release|Any CPU.Build.0 = Release|Any CPU
	EndGlobalSection
EndGlobal
